
Microsoft Visual Studio Solution File, Format Version 12.00
# Visual Studio Version 17
VisualStudioVersion = 17.7.34024.191
MinimumVisualStudioVersion = 10.0.40219.1
Project("{FAE04EC0-301F-11D3-BF4B-00C04F79EFBC}") = "ConsoleApp", "ConsoleApp\ConsoleApp.csproj", "{B31687AD-6C64-4979-87F6-045B8EC1026C}"
EndProject
Global
	GlobalSection(SolutionConfigurationPlatforms) = preSolution
		Debug|Any CPU = Debug|Any CPU
		Release|Any CPU = Release|Any CPU
	EndGlobalSection
	GlobalSection(ProjectConfigurationPlatforms) = postSolution
		{B31687AD-6C64-4979-87F6-045B8EC1026C}.Debug|Any CPU.ActiveCfg = Debug|Any CPU
		{B31687AD-6C64-4979-87F6-045B8EC1026C}.Debug|Any CPU.Build.0 = Debug|Any CPU
		{B31687AD-6C64-4979-87F6-045B8EC1026C}.Release|Any CPU.ActiveCfg = Release|Any CPU
		{B31687AD-6C64-4979-87F6-045B8EC1026C}.Release|Any CPU.Build.0 = Release|Any CPU
	EndGlobalSection
	GlobalSection(SolutionProperties) = preSolution
		HideSolutionNode = FALSE
	EndGlobalSection
	GlobalSection(ExtensibilityGlobals) = postSolution
		SolutionGuid = {9732B182-902A-4DA1-A11D-F11C14E143FE}
	EndGlobalSection
EndGlobal
